
Microsoft Visual Studio Solution File, Format Version 12.00
# Visual Studio Version 16
VisualStudioVersion = 16.0.29411.108
MinimumVisualStudioVersion = 10.0.40219.1
Project("{FAE04EC0-301F-11D3-BF4B-00C04F79EFBC}") = "BookYourHotel", "BookYourHotel\BookYourHotel.csproj", "{D43CF218-8DCD-41A4-A912-F6AA8CF7AD03}"
EndProject
Project("{FAE04EC0-301F-11D3-BF4B-00C04F79EFBC}") = "Types", "Types\Types.csproj", "{9B822F08-C30A-4D37-9B1F-940CE732B5E8}"
EndProject
Project("{FAE04EC0-301F-11D3-BF4B-00C04F79EFBC}") = "Interfaces", "Interfaces\Interfaces.csproj", "{373A8CEF-71A0-48BC-8A63-2686B03B78CD}"
EndProject
Project("{FAE04EC0-301F-11D3-BF4B-00C04F79EFBC}") = "Services", "Services\Services.csproj", "{833F7665-5ADB-45EB-93AE-266D4DDDDAFA}"
EndProject
Global
	GlobalSection(SolutionConfigurationPlatforms) = preSolution
		Debug|Any CPU = Debug|Any CPU
		Release|Any CPU = Release|Any CPU
	EndGlobalSection
	GlobalSection(ProjectConfigurationPlatforms) = postSolution
		{D43CF218-8DCD-41A4-A912-F6AA8CF7AD03}.Debug|Any CPU.ActiveCfg = Debug|Any CPU
		{D43CF218-8DCD-41A4-A912-F6AA8CF7AD03}.Debug|Any CPU.Build.0 = Debug|Any CPU
		{D43CF218-8DCD-41A4-A912-F6AA8CF7AD03}.Release|Any CPU.ActiveCfg = Release|Any CPU
		{D43CF218-8DCD-41A4-A912-F6AA8CF7AD03}.Release|Any CPU.Build.0 = Release|Any CPU
		{9B822F08-C30A-4D37-9B1F-940CE732B5E8}.Debug|Any CPU.ActiveCfg = Debug|Any CPU
		{9B822F08-C30A-4D37-9B1F-940CE732B5E8}.Debug|Any CPU.Build.0 = Debug|Any CPU
		{9B822F08-C30A-4D37-9B1F-940CE732B5E8}.Release|Any CPU.ActiveCfg = Release|Any CPU
		{9B822F08-C30A-4D37-9B1F-940CE732B5E8}.Release|Any CPU.Build.0 = Release|Any CPU
		{373A8CEF-71A0-48BC-8A63-2686B03B78CD}.Debug|Any CPU.ActiveCfg = Debug|Any CPU
		{373A8CEF-71A0-48BC-8A63-2686B03B78CD}.Debug|Any CPU.Build.0 = Debug|Any CPU
		{373A8CEF-71A0-48BC-8A63-2686B03B78CD}.Release|Any CPU.ActiveCfg = Release|Any CPU
		{373A8CEF-71A0-48BC-8A63-2686B03B78CD}.Release|Any CPU.Build.0 = Release|Any CPU
		{833F7665-5ADB-45EB-93AE-266D4DDDDAFA}.Debug|Any CPU.ActiveCfg = Debug|Any CPU
		{833F7665-5ADB-45EB-93AE-266D4DDDDAFA}.Debug|Any CPU.Build.0 = Debug|Any CPU
		{833F7665-5ADB-45EB-93AE-266D4DDDDAFA}.Release|Any CPU.ActiveCfg = Release|Any CPU
		{833F7665-5ADB-45EB-93AE-266D4DDDDAFA}.Release|Any CPU.Build.0 = Release|Any CPU
	EndGlobalSection
	GlobalSection(SolutionProperties) = preSolution
		HideSolutionNode = FALSE
	EndGlobalSection
	GlobalSection(ExtensibilityGlobals) = postSolution
		SolutionGuid = {E7061925-1287-44CC-8A68-33C9610F10E4}
	EndGlobalSection
EndGlobal
